
Microsoft Visual Studio Solution File, Format Version 12.00
# Visual Studio Version 16
VisualStudioVersion = 16.0.30011.22
MinimumVisualStudioVersion = 10.0.40219.1
Project("{9A19103F-16F7-4668-BE54-9A1E7A4F7556}") = "ELCV.Core", "ELCV.Core\ELCV.Core.csproj", "{F75F50C7-FCEC-4A93-AB92-98479655D57B}"
EndProject
Project("{9A19103F-16F7-4668-BE54-9A1E7A4F7556}") = "ELCV.Infrastructure", "ELCV.Infrastructure\ELCV.Infrastructure.csproj", "{51996DC2-25FA-4984-AB85-CC075B4B4709}"
EndProject
Project("{9A19103F-16F7-4668-BE54-9A1E7A4F7556}") = "ELCV.UI", "ELCV.UI\ELCV.UI.csproj", "{66E1823A-CC3D-4D04-BDD9-D8DE03472FE8}"
EndProject
Project("{9A19103F-16F7-4668-BE54-9A1E7A4F7556}") = "ELCV.Test", "ELCV.Test\ELCV.Test.csproj", "{55746BB3-9D6A-488F-81F3-EC2AD0A73190}"
EndProject
Project("{2150E333-8FDC-42A3-9474-1A3956D46DE8}") = "src", "src", "{963864DA-107F-48A1-9853-BEDCE27B469F}"
EndProject
Project("{FAE04EC0-301F-11D3-BF4B-00C04F79EFBC}") = "ELCV.Integration.Test", "ELCV.Integration.Test\ELCV.Integration.Test.csproj", "{B5388A80-7E89-4B72-914F-EA24E83651D6}"
EndProject
Global
	GlobalSection(SolutionConfigurationPlatforms) = preSolution
		Debug|Any CPU = Debug|Any CPU
		Release|Any CPU = Release|Any CPU
	EndGlobalSection
	GlobalSection(ProjectConfigurationPlatforms) = postSolution
		{F75F50C7-FCEC-4A93-AB92-98479655D57B}.Debug|Any CPU.ActiveCfg = Debug|Any CPU
		{F75F50C7-FCEC-4A93-AB92-98479655D57B}.Debug|Any CPU.Build.0 = Debug|Any CPU
		{F75F50C7-FCEC-4A93-AB92-98479655D57B}.Release|Any CPU.ActiveCfg = Release|Any CPU
		{F75F50C7-FCEC-4A93-AB92-98479655D57B}.Release|Any CPU.Build.0 = Release|Any CPU
		{51996DC2-25FA-4984-AB85-CC075B4B4709}.Debug|Any CPU.ActiveCfg = Debug|Any CPU
		{51996DC2-25FA-4984-AB85-CC075B4B4709}.Debug|Any CPU.Build.0 = Debug|Any CPU
		{51996DC2-25FA-4984-AB85-CC075B4B4709}.Release|Any CPU.ActiveCfg = Release|Any CPU
		{51996DC2-25FA-4984-AB85-CC075B4B4709}.Release|Any CPU.Build.0 = Release|Any CPU
		{66E1823A-CC3D-4D04-BDD9-D8DE03472FE8}.Debug|Any CPU.ActiveCfg = Debug|Any CPU
		{66E1823A-CC3D-4D04-BDD9-D8DE03472FE8}.Debug|Any CPU.Build.0 = Debug|Any CPU
		{66E1823A-CC3D-4D04-BDD9-D8DE03472FE8}.Release|Any CPU.ActiveCfg = Release|Any CPU
		{66E1823A-CC3D-4D04-BDD9-D8DE03472FE8}.Release|Any CPU.Build.0 = Release|Any CPU
		{55746BB3-9D6A-488F-81F3-EC2AD0A73190}.Debug|Any CPU.ActiveCfg = Debug|Any CPU
		{55746BB3-9D6A-488F-81F3-EC2AD0A73190}.Debug|Any CPU.Build.0 = Debug|Any CPU
		{55746BB3-9D6A-488F-81F3-EC2AD0A73190}.Release|Any CPU.ActiveCfg = Release|Any CPU
		{55746BB3-9D6A-488F-81F3-EC2AD0A73190}.Release|Any CPU.Build.0 = Release|Any CPU
		{B5388A80-7E89-4B72-914F-EA24E83651D6}.Debug|Any CPU.ActiveCfg = Debug|Any CPU
		{B5388A80-7E89-4B72-914F-EA24E83651D6}.Debug|Any CPU.Build.0 = Debug|Any CPU
		{B5388A80-7E89-4B72-914F-EA24E83651D6}.Release|Any CPU.ActiveCfg = Release|Any CPU
		{B5388A80-7E89-4B72-914F-EA24E83651D6}.Release|Any CPU.Build.0 = Release|Any CPU
	EndGlobalSection
	GlobalSection(SolutionProperties) = preSolution
		HideSolutionNode = FALSE
	EndGlobalSection
	GlobalSection(NestedProjects) = preSolution
		{F75F50C7-FCEC-4A93-AB92-98479655D57B} = {963864DA-107F-48A1-9853-BEDCE27B469F}
		{51996DC2-25FA-4984-AB85-CC075B4B4709} = {963864DA-107F-48A1-9853-BEDCE27B469F}
		{66E1823A-CC3D-4D04-BDD9-D8DE03472FE8} = {963864DA-107F-48A1-9853-BEDCE27B469F}
		{55746BB3-9D6A-488F-81F3-EC2AD0A73190} = {963864DA-107F-48A1-9853-BEDCE27B469F}
		{B5388A80-7E89-4B72-914F-EA24E83651D6} = {963864DA-107F-48A1-9853-BEDCE27B469F}
	EndGlobalSection
	GlobalSection(ExtensibilityGlobals) = postSolution
		SolutionGuid = {2FB21B6A-6A71-43B7-AD5D-463262425CD7}
	EndGlobalSection
EndGlobal
